
Microsoft Visual Studio Solution File, Format Version 12.00
# Visual Studio Version 17
VisualStudioVersion = 17.5.002.0
MinimumVisualStudioVersion = 10.0.40219.1
Project("{9A19103F-16F7-4668-BE54-9A1E7A4F7556}") = "SignalRRocks", "SignalRRocks.csproj", "{371B2348-6718-483C-8B9B-B14C1F3AB20D}"
EndProject
Global
	GlobalSection(SolutionConfigurationPlatforms) = preSolution
		Debug|Any CPU = Debug|Any CPU
		Release|Any CPU = Release|Any CPU
	EndGlobalSection
	GlobalSection(ProjectConfigurationPlatforms) = postSolution
		{371B2348-6718-483C-8B9B-B14C1F3AB20D}.Debug|Any CPU.ActiveCfg = Debug|Any CPU
		{371B2348-6718-483C-8B9B-B14C1F3AB20D}.Debug|Any CPU.Build.0 = Debug|Any CPU
		{371B2348-6718-483C-8B9B-B14C1F3AB20D}.Release|Any CPU.ActiveCfg = Release|Any CPU
		{371B2348-6718-483C-8B9B-B14C1F3AB20D}.Release|Any CPU.Build.0 = Release|Any CPU
	EndGlobalSection
	GlobalSection(SolutionProperties) = preSolution
		HideSolutionNode = FALSE
	EndGlobalSection
	GlobalSection(ExtensibilityGlobals) = postSolution
		SolutionGuid = {5BF8E1B0-F595-4132-AF37-15A7F0B4ADFF}
	EndGlobalSection
EndGlobal
